
Microsoft Visual Studio Solution File, Format Version 12.00
# Visual Studio Version 17
VisualStudioVersion = 17.2.32526.322
MinimumVisualStudioVersion = 10.0.40219.1
Project("{9A19103F-16F7-4668-BE54-9A1E7A4F7556}") = "Calculator", "Calculator.csproj", "{AD14868B-ADEF-4C06-84AF-82766D786569}"
EndProject
Global
	GlobalSection(SolutionConfigurationPlatforms) = preSolution
		Debug|Any CPU = Debug|Any CPU
		Release|Any CPU = Release|Any CPU
	EndGlobalSection
	GlobalSection(ProjectConfigurationPlatforms) = postSolution
		{AD14868B-ADEF-4C06-84AF-82766D786569}.Debug|Any CPU.ActiveCfg = Debug|Any CPU
		{AD14868B-ADEF-4C06-84AF-82766D786569}.Debug|Any CPU.Build.0 = Debug|Any CPU
		{AD14868B-ADEF-4C06-84AF-82766D786569}.Release|Any CPU.ActiveCfg = Release|Any CPU
		{AD14868B-ADEF-4C06-84AF-82766D786569}.Release|Any CPU.Build.0 = Release|Any CPU
	EndGlobalSection
	GlobalSection(SolutionProperties) = preSolution
		HideSolutionNode = FALSE
	EndGlobalSection
	GlobalSection(ExtensibilityGlobals) = postSolution
		SolutionGuid = {F839A585-68B0-4186-BB1F-9564FB036BF8}
	EndGlobalSection
EndGlobal
